
Microsoft Visual Studio Solution File, Format Version 12.00
# Visual Studio 15
VisualStudioVersion = 15.0.26124.0
MinimumVisualStudioVersion = 15.0.26124.0
Project("{2150E333-8FDC-42A3-9474-1A3956D46DE8}") = "src", "src", "{C397A34C-84F1-49E7-AEBC-2F9F2B196216}"
EndProject
Project("{2150E333-8FDC-42A3-9474-1A3956D46DE8}") = "tests", "tests", "{ACBEE43C-7A88-4FB1-9B06-DB064D22B29F}"
EndProject
Project("{F2A71F9B-5D33-465A-A702-920D77279786}") = "FSLogger", "src\FSLogger\FSLogger.fsproj", "{B4FFD1BB-4A87-49AD-B608-89C32EBF6AB9}"
EndProject
Project("{2150E333-8FDC-42A3-9474-1A3956D46DE8}") = "project", "project", "{76BE487B-62B3-431B-B634-24214E9B0900}"
ProjectSection(SolutionItems) = preProject
	build.fsx = build.fsx
	LICENSE.md = LICENSE.md
	README.md = README.md
	RELEASE_NOTES.md = RELEASE_NOTES.md
	paket.lock = paket.lock
EndProjectSection
EndProject
Project("{F2A71F9B-5D33-465A-A702-920D77279786}") = "FSLogger.Tests", "tests\FSLogger\FSLogger.Tests.fsproj", "{C608AD15-1F2F-40E3-BD0B-9AD6E57FBE98}"
EndProject
Global
	GlobalSection(SolutionConfigurationPlatforms) = preSolution
		Debug|Any CPU = Debug|Any CPU
		Debug|x64 = Debug|x64
		Debug|x86 = Debug|x86
		Release|Any CPU = Release|Any CPU
		Release|x64 = Release|x64
		Release|x86 = Release|x86
	EndGlobalSection
	GlobalSection(SolutionProperties) = preSolution
		HideSolutionNode = FALSE
	EndGlobalSection
	GlobalSection(ProjectConfigurationPlatforms) = postSolution
		{B4FFD1BB-4A87-49AD-B608-89C32EBF6AB9}.Debug|Any CPU.ActiveCfg = Debug|Any CPU
		{B4FFD1BB-4A87-49AD-B608-89C32EBF6AB9}.Debug|Any CPU.Build.0 = Debug|Any CPU
		{B4FFD1BB-4A87-49AD-B608-89C32EBF6AB9}.Debug|x64.ActiveCfg = Debug|Any CPU
		{B4FFD1BB-4A87-49AD-B608-89C32EBF6AB9}.Debug|x64.Build.0 = Debug|Any CPU
		{B4FFD1BB-4A87-49AD-B608-89C32EBF6AB9}.Debug|x86.ActiveCfg = Debug|Any CPU
		{B4FFD1BB-4A87-49AD-B608-89C32EBF6AB9}.Debug|x86.Build.0 = Debug|Any CPU
		{B4FFD1BB-4A87-49AD-B608-89C32EBF6AB9}.Release|Any CPU.ActiveCfg = Release|Any CPU
		{B4FFD1BB-4A87-49AD-B608-89C32EBF6AB9}.Release|Any CPU.Build.0 = Release|Any CPU
		{B4FFD1BB-4A87-49AD-B608-89C32EBF6AB9}.Release|x64.ActiveCfg = Release|Any CPU
		{B4FFD1BB-4A87-49AD-B608-89C32EBF6AB9}.Release|x64.Build.0 = Release|Any CPU
		{B4FFD1BB-4A87-49AD-B608-89C32EBF6AB9}.Release|x86.ActiveCfg = Release|Any CPU
		{B4FFD1BB-4A87-49AD-B608-89C32EBF6AB9}.Release|x86.Build.0 = Release|Any CPU
		{C608AD15-1F2F-40E3-BD0B-9AD6E57FBE98}.Debug|Any CPU.ActiveCfg = Debug|Any CPU
		{C608AD15-1F2F-40E3-BD0B-9AD6E57FBE98}.Debug|Any CPU.Build.0 = Debug|Any CPU
		{C608AD15-1F2F-40E3-BD0B-9AD6E57FBE98}.Debug|x64.ActiveCfg = Debug|Any CPU
		{C608AD15-1F2F-40E3-BD0B-9AD6E57FBE98}.Debug|x64.Build.0 = Debug|Any CPU
		{C608AD15-1F2F-40E3-BD0B-9AD6E57FBE98}.Debug|x86.ActiveCfg = Debug|Any CPU
		{C608AD15-1F2F-40E3-BD0B-9AD6E57FBE98}.Debug|x86.Build.0 = Debug|Any CPU
		{C608AD15-1F2F-40E3-BD0B-9AD6E57FBE98}.Release|Any CPU.ActiveCfg = Release|Any CPU
		{C608AD15-1F2F-40E3-BD0B-9AD6E57FBE98}.Release|Any CPU.Build.0 = Release|Any CPU
		{C608AD15-1F2F-40E3-BD0B-9AD6E57FBE98}.Release|x64.ActiveCfg = Release|Any CPU
		{C608AD15-1F2F-40E3-BD0B-9AD6E57FBE98}.Release|x64.Build.0 = Release|Any CPU
		{C608AD15-1F2F-40E3-BD0B-9AD6E57FBE98}.Release|x86.ActiveCfg = Release|Any CPU
		{C608AD15-1F2F-40E3-BD0B-9AD6E57FBE98}.Release|x86.Build.0 = Release|Any CPU
	EndGlobalSection
	GlobalSection(NestedProjects) = preSolution
		{B4FFD1BB-4A87-49AD-B608-89C32EBF6AB9} = {C397A34C-84F1-49E7-AEBC-2F9F2B196216}
		{C608AD15-1F2F-40E3-BD0B-9AD6E57FBE98} = {ACBEE43C-7A88-4FB1-9B06-DB064D22B29F}
	EndGlobalSection
EndGlobal
