Microsoft Visual Studio Solution File, Format Version 12.00
# Visual Studio 15
VisualStudioVersion = 15.0.26403.7
MinimumVisualStudioVersion = 10.0.40219.1
Project("{2150E333-8FDC-42A3-9474-1A3956D46DE8}") = ".paket", ".paket", "{63297B98-5CED-492C-A5B7-A5B4F73CF142}"
	ProjectSection(SolutionItems) = preProject
		paket.dependencies = paket.dependencies
		paket.lock = paket.lock
	EndProjectSection
EndProject
Project("{2150E333-8FDC-42A3-9474-1A3956D46DE8}") = "project", "project", "{BF60BC93-E09B-4E5F-9D85-95A519479D54}"
	ProjectSection(SolutionItems) = preProject
		build.fsx = build.fsx
		README.md = README.md
		RELEASE_NOTES.md = RELEASE_NOTES.md
	EndProjectSection
EndProject
Project("{2150E333-8FDC-42A3-9474-1A3956D46DE8}") = "tests", "tests", "{ED8079DD-2B06-4030-9F0F-DC548F98E1C4}"
EndProject
Project("{F2A71F9B-5D33-465A-A702-920D77279786}") = "FSLogger", "FSLogger\FSLogger.fsproj", "{BAC4B308-775B-44DF-99B6-6D5F55126128}"
EndProject
Project("{F2A71F9B-5D33-465A-A702-920D77279786}") = "FSLogger.tests", "tests\FSLogger.tests\FSLogger.tests.fsproj", "{D366155D-A0A4-4B6E-9E10-DEA8CBE28E82}"
EndProject
Global
	GlobalSection(SolutionConfigurationPlatforms) = preSolution
		Debug|Any CPU = Debug|Any CPU
		Release|Any CPU = Release|Any CPU
	EndGlobalSection
	GlobalSection(ProjectConfigurationPlatforms) = postSolution
		{BAC4B308-775B-44DF-99B6-6D5F55126128}.Debug|Any CPU.ActiveCfg = Debug|Any CPU
		{BAC4B308-775B-44DF-99B6-6D5F55126128}.Debug|Any CPU.Build.0 = Debug|Any CPU
		{BAC4B308-775B-44DF-99B6-6D5F55126128}.Release|Any CPU.ActiveCfg = Release|Any CPU
		{BAC4B308-775B-44DF-99B6-6D5F55126128}.Release|Any CPU.Build.0 = Release|Any CPU
		{D366155D-A0A4-4B6E-9E10-DEA8CBE28E82}.Debug|Any CPU.ActiveCfg = Debug|Any CPU
		{D366155D-A0A4-4B6E-9E10-DEA8CBE28E82}.Debug|Any CPU.Build.0 = Debug|Any CPU
		{D366155D-A0A4-4B6E-9E10-DEA8CBE28E82}.Release|Any CPU.ActiveCfg = Release|Any CPU
		{D366155D-A0A4-4B6E-9E10-DEA8CBE28E82}.Release|Any CPU.Build.0 = Release|Any CPU
	EndGlobalSection
	GlobalSection(SolutionProperties) = preSolution
		HideSolutionNode = FALSE
	EndGlobalSection
	GlobalSection(NestedProjects) = preSolution
		{D366155D-A0A4-4B6E-9E10-DEA8CBE28E82} = {ED8079DD-2B06-4030-9F0F-DC548F98E1C4}
	EndGlobalSection
EndGlobal
